// !$*UTF8*$!
{
	archiveVersion = 1;
	classes = {
	};
	objectVersion = 46;
	objects = {

/* Begin PBXBuildFile section */
		72CB32F40DCA5BBF008F3AA2 /* MainMenu.xib in Resources */ = {isa = PBXBuildFile; fileRef = 72CB32F20DCA5BBF008F3AA2 /* MainMenu.xib */; };
		849818240BCF1CE50085CECA /* AppController.m in Sources */ = {isa = PBXBuildFile; fileRef = 849818220BCF1CE50085CECA /* AppController.m */; };
		8D11072B0486CEB800E47090 /* InfoPlist.strings in Resources */ = {isa = PBXBuildFile; fileRef = 089C165CFE840E0CC02AAC07 /* InfoPlist.strings */; };
		8D11072D0486CEB800E47090 /* main.m in Sources */ = {isa = PBXBuildFile; fileRef = 29B97316FDCFA39411CA2CEA /* main.m */; settings = {ATTRIBUTES = (); }; };
		8D11072F0486CEB800E47090 /* Cocoa.framework in Frameworks */ = {isa = PBXBuildFile; fileRef = 1058C7A1FEA54F0111CA2CBB /* Cocoa.framework */; };
		B52C743611F76E0B005EBE98 /* QTKit.framework in Frameworks */ = {isa = PBXBuildFile; fileRef = B52C743511F76E0B005EBE98 /* QTKit.framework */; };
		B58D8CB911F9016300568199 /* R2D2.icns in Resources */ = {isa = PBXBuildFile; fileRef = B58D8CB811F9016300568199 /* R2D2.icns */; };
		B5A2666C121D784E00EC07F8 /* SocketController.m in Sources */ = {isa = PBXBuildFile; fileRef = B5A2666B121D784E00EC07F8 /* SocketController.m */; };
		D97A9E3C152F65C900FC9E0E /* Security.framework in Frameworks */ = {isa = PBXBuildFile; fileRef = D97A9E3B152F65C900FC9E0E /* Security.framework */; };
		D97A9E4D152F6D6C00FC9E0E /* GCDAsyncSocket.m in Sources */ = {isa = PBXBuildFile; fileRef = D97A9E4A152F6D6B00FC9E0E /* GCDAsyncSocket.m */; };
		D9863B6915341DD20043C141 /* DDAbstractDatabaseLogger.m in Sources */ = {isa = PBXBuildFile; fileRef = D9863B5F15341DD20043C141 /* DDAbstractDatabaseLogger.m */; };
		D9863B6A15341DD20043C141 /* DDASLLogger.m in Sources */ = {isa = PBXBuildFile; fileRef = D9863B6115341DD20043C141 /* DDASLLogger.m */; };
		D9863B6B15341DD20043C141 /* DDFileLogger.m in Sources */ = {isa = PBXBuildFile; fileRef = D9863B6315341DD20043C141 /* DDFileLogger.m */; };
		D9863B6C15341DD20043C141 /* DDLog.m in Sources */ = {isa = PBXBuildFile; fileRef = D9863B6515341DD20043C141 /* DDLog.m */; };
		D9863B6D15341DD20043C141 /* DDTTYLogger.m in Sources */ = {isa = PBXBuildFile; fileRef = D9863B6715341DD20043C141 /* DDTTYLogger.m */; };
		D9863B6E15341DD20043C141 /* Extensions in Resources */ = {isa = PBXBuildFile; fileRef = D9863B6815341DD20043C141 /* Extensions */; };
/* End PBXBuildFile section */

/* Begin PBXFileReference section */
		089C165DFE840E0CC02AAC07 /* English */ = {isa = PBXFileReference; fileEncoding = 10; lastKnownFileType = text.plist.strings; name = English; path = English.lproj/InfoPlist.strings; sourceTree = "<group>"; };
		1058C7A1FEA54F0111CA2CBB /* Cocoa.framework */ = {isa = PBXFileReference; lastKnownFileType = wrapper.framework; name = Cocoa.framework; path = /System/Library/Frameworks/Cocoa.framework; sourceTree = "<absolute>"; };
		13E42FB307B3F0F600E4EEF1 /* CoreData.framework */ = {isa = PBXFileReference; lastKnownFileType = wrapper.framework; name = CoreData.framework; path = /System/Library/Frameworks/CoreData.framework; sourceTree = "<absolute>"; };
		29B97316FDCFA39411CA2CEA /* main.m */ = {isa = PBXFileReference; fileEncoding = 4; lastKnownFileType = sourcecode.c.objc; path = main.m; sourceTree = "<group>"; };
		29B97324FDCFA39411CA2CEA /* AppKit.framework */ = {isa = PBXFileReference; lastKnownFileType = wrapper.framework; name = AppKit.framework; path = /System/Library/Frameworks/AppKit.framework; sourceTree = "<absolute>"; };
		29B97325FDCFA39411CA2CEA /* Foundation.framework */ = {isa = PBXFileReference; lastKnownFileType = wrapper.framework; name = Foundation.framework; path = /System/Library/Frameworks/Foundation.framework; sourceTree = "<absolute>"; };
		7219AB410FAA1D5900573434 /* viewer_Prefix.pch */ = {isa = PBXFileReference; fileEncoding = 4; lastKnownFileType = sourcecode.c.h; path = viewer_Prefix.pch; sourceTree = "<group>"; };
		72CB32F30DCA5BBF008F3AA2 /* English */ = {isa = PBXFileReference; lastKnownFileType = file.xib; name = English; path = English.lproj/MainMenu.xib; sourceTree = "<group>"; };
		849818220BCF1CE50085CECA /* AppController.m */ = {isa = PBXFileReference; fileEncoding = 4; lastKnownFileType = sourcecode.c.objc; path = AppController.m; sourceTree = "<group>"; };
		849818230BCF1CE50085CECA /* AppController.h */ = {isa = PBXFileReference; fileEncoding = 4; lastKnownFileType = sourcecode.c.h; path = AppController.h; sourceTree = "<group>"; };
		8D1107310486CEB800E47090 /* Info.plist */ = {isa = PBXFileReference; fileEncoding = 4; lastKnownFileType = text.plist; path = Info.plist; sourceTree = "<group>"; };
		8D1107320486CEB800E47090 /* viewer.app */ = {isa = PBXFileReference; explicitFileType = wrapper.application; includeInIndex = 0; path = viewer.app; sourceTree = BUILT_PRODUCTS_DIR; };
		B52C743511F76E0B005EBE98 /* QTKit.framework */ = {isa = PBXFileReference; lastKnownFileType = wrapper.framework; name = QTKit.framework; path = System/Library/Frameworks/QTKit.framework; sourceTree = SDKROOT; };
		B58D8CB811F9016300568199 /* R2D2.icns */ = {isa = PBXFileReference; lastKnownFileType = image.icns; path = R2D2.icns; sourceTree = "<group>"; };
		B5A2666A121D784E00EC07F8 /* SocketController.h */ = {isa = PBXFileReference; fileEncoding = 4; lastKnownFileType = sourcecode.c.h; path = SocketController.h; sourceTree = "<group>"; };
		B5A2666B121D784E00EC07F8 /* SocketController.m */ = {isa = PBXFileReference; fileEncoding = 4; lastKnownFileType = sourcecode.c.objc; path = SocketController.m; sourceTree = "<group>"; };
		B5A26699121D7B6A00EC07F8 /* common.h */ = {isa = PBXFileReference; fileEncoding = 4; lastKnownFileType = sourcecode.c.h; path = common.h; sourceTree = "<group>"; };
		D97A9E3B152F65C900FC9E0E /* Security.framework */ = {isa = PBXFileReference; lastKnownFileType = wrapper.framework; name = Security.framework; path = System/Library/Frameworks/Security.framework; sourceTree = SDKROOT; };
		D97A9E49152F6D6B00FC9E0E /* GCDAsyncSocket.h */ = {isa = PBXFileReference; fileEncoding = 4; lastKnownFileType = sourcecode.c.h; name = GCDAsyncSocket.h; path = ../../../../../Shared/Source/CocoaAsyncSocket/GCD/GCDAsyncSocket.h; sourceTree = "<group>"; };
		D97A9E4A152F6D6B00FC9E0E /* GCDAsyncSocket.m */ = {isa = PBXFileReference; fileEncoding = 4; lastKnownFileType = sourcecode.c.objc; name = GCDAsyncSocket.m; path = ../../../../../Shared/Source/CocoaAsyncSocket/GCD/GCDAsyncSocket.m; sourceTree = "<group>"; };
		D9863B5E15341DD20043C141 /* DDAbstractDatabaseLogger.h */ = {isa = PBXFileReference; fileEncoding = 4; lastKnownFileType = sourcecode.c.h; name = DDAbstractDatabaseLogger.h; path = ../../../../../Shared/Source/github/robbiehanson/CocoaLumberjack/LumberJack/DDAbstractDatabaseLogger.h; sourceTree = "<group>"; };
		D9863B5F15341DD20043C141 /* DDAbstractDatabaseLogger.m */ = {isa = PBXFileReference; fileEncoding = 4; lastKnownFileType = sourcecode.c.objc; name = DDAbstractDatabaseLogger.m; path = ../../../../../Shared/Source/github/robbiehanson/CocoaLumberjack/LumberJack/DDAbstractDatabaseLogger.m; sourceTree = "<group>"; };
		D9863B6015341DD20043C141 /* DDASLLogger.h */ = {isa = PBXFileReference; fileEncoding = 4; lastKnownFileType = sourcecode.c.h; name = DDASLLogger.h; path = ../../../../../Shared/Source/github/robbiehanson/CocoaLumberjack/LumberJack/DDASLLogger.h; sourceTree = "<group>"; };
		D9863B6115341DD20043C141 /* DDASLLogger.m */ = {isa = PBXFileReference; fileEncoding = 4; lastKnownFileType = sourcecode.c.objc; name = DDASLLogger.m; path = ../../../../../Shared/Source/github/robbiehanson/CocoaLumberjack/LumberJack/DDASLLogger.m; sourceTree = "<group>"; };
		D9863B6215341DD20043C141 /* DDFileLogger.h */ = {isa = PBXFileReference; fileEncoding = 4; lastKnownFileType = sourcecode.c.h; name = DDFileLogger.h; path = ../../../../../Shared/Source/github/robbiehanson/CocoaLumberjack/LumberJack/DDFileLogger.h; sourceTree = "<group>"; };
		D9863B6315341DD20043C141 /* DDFileLogger.m */ = {isa = PBXFileReference; fileEncoding = 4; lastKnownFileType = sourcecode.c.objc; name = DDFileLogger.m; path = ../../../../../Shared/Source/github/robbiehanson/CocoaLumberjack/LumberJack/DDFileLogger.m; sourceTree = "<group>"; };
		D9863B6415341DD20043C141 /* DDLog.h */ = {isa = PBXFileReference; fileEncoding = 4; lastKnownFileType = sourcecode.c.h; name = DDLog.h; path = ../../../../../Shared/Source/github/robbiehanson/CocoaLumberjack/LumberJack/DDLog.h; sourceTree = "<group>"; };
		D9863B6515341DD20043C141 /* DDLog.m */ = {isa = PBXFileReference; fileEncoding = 4; lastKnownFileType = sourcecode.c.objc; name = DDLog.m; path = ../../../../../Shared/Source/github/robbiehanson/CocoaLumberjack/LumberJack/DDLog.m; sourceTree = "<group>"; };
		D9863B6615341DD20043C141 /* DDTTYLogger.h */ = {isa = PBXFileReference; fileEncoding = 4; lastKnownFileType = sourcecode.c.h; name = DDTTYLogger.h; path = ../../../../../Shared/Source/github/robbiehanson/CocoaLumberjack/LumberJack/DDTTYLogger.h; sourceTree = "<group>"; };
		D9863B6715341DD20043C141 /* DDTTYLogger.m */ = {isa = PBXFileReference; fileEncoding = 4; lastKnownFileType = sourcecode.c.objc; name = DDTTYLogger.m; path = ../../../../../Shared/Source/github/robbiehanson/CocoaLumberjack/LumberJack/DDTTYLogger.m; sourceTree = "<group>"; };
		D9863B6815341DD20043C141 /* Extensions */ = {isa = PBXFileReference; lastKnownFileType = folder; name = Extensions; path = ../../../../../Shared/Source/github/robbiehanson/CocoaLumberjack/LumberJack/Extensions; sourceTree = "<group>"; };
		D9B6674A152F046000B983DE /* debug.h */ = {isa = PBXFileReference; fileEncoding = 4; lastKnownFileType = sourcecode.c.h; path = debug.h; sourceTree = "<group>"; };
/* End PBXFileReference section */

/* Begin PBXFrameworksBuildPhase section */
		8D11072E0486CEB800E47090 /* Frameworks */ = {
			isa = PBXFrameworksBuildPhase;
			buildActionMask = 2147483647;
			files = (
				D97A9E3C152F65C900FC9E0E /* Security.framework in Frameworks */,
				8D11072F0486CEB800E47090 /* Cocoa.framework in Frameworks */,
				B52C743611F76E0B005EBE98 /* QTKit.framework in Frameworks */,
			);
			runOnlyForDeploymentPostprocessing = 0;
		};
/* End PBXFrameworksBuildPhase section */

/* Begin PBXGroup section */
		080E96DDFE201D6D7F000001 /* Classes */ = {
			isa = PBXGroup;
			children = (
				849818230BCF1CE50085CECA /* AppController.h */,
				849818220BCF1CE50085CECA /* AppController.m */,
				B5A2666A121D784E00EC07F8 /* SocketController.h */,
				B5A2666B121D784E00EC07F8 /* SocketController.m */,
			);
			name = Classes;
			sourceTree = "<group>";
		};
		1058C7A0FEA54F0111CA2CBB /* Linked Frameworks */ = {
			isa = PBXGroup;
			children = (
				D97A9E3B152F65C900FC9E0E /* Security.framework */,
				B52C743511F76E0B005EBE98 /* QTKit.framework */,
				1058C7A1FEA54F0111CA2CBB /* Cocoa.framework */,
			);
			name = "Linked Frameworks";
			sourceTree = "<group>";
		};
		1058C7A2FEA54F0111CA2CBB /* Other Frameworks */ = {
			isa = PBXGroup;
			children = (
				29B97324FDCFA39411CA2CEA /* AppKit.framework */,
				13E42FB307B3F0F600E4EEF1 /* CoreData.framework */,
				29B97325FDCFA39411CA2CEA /* Foundation.framework */,
			);
			name = "Other Frameworks";
			sourceTree = "<group>";
		};
		19C28FACFE9D520D11CA2CBB /* Products */ = {
			isa = PBXGroup;
			children = (
				8D1107320486CEB800E47090 /* viewer.app */,
			);
			name = Products;
			sourceTree = "<group>";
		};
		29B97314FDCFA39411CA2CEA /* viewer */ = {
			isa = PBXGroup;
			children = (
				D9863B7415341EA00043C141 /* Logging */,
				D97A9E4F152F6D7A00FC9E0E /* TCP */,
				080E96DDFE201D6D7F000001 /* Classes */,
				29B97315FDCFA39411CA2CEA /* Other Sources */,
				29B97317FDCFA39411CA2CEA /* Resources */,
				29B97323FDCFA39411CA2CEA /* Frameworks */,
				19C28FACFE9D520D11CA2CBB /* Products */,
			);
			name = viewer;
			sourceTree = "<group>";
		};
		29B97315FDCFA39411CA2CEA /* Other Sources */ = {
			isa = PBXGroup;
			children = (
				29B97316FDCFA39411CA2CEA /* main.m */,
				7219AB410FAA1D5900573434 /* viewer_Prefix.pch */,
				B5A26699121D7B6A00EC07F8 /* common.h */,
				D9B6674A152F046000B983DE /* debug.h */,
			);
			name = "Other Sources";
			sourceTree = "<group>";
		};
		29B97317FDCFA39411CA2CEA /* Resources */ = {
			isa = PBXGroup;
			children = (
				B58D8CB811F9016300568199 /* R2D2.icns */,
				72CB32F20DCA5BBF008F3AA2 /* MainMenu.xib */,
				8D1107310486CEB800E47090 /* Info.plist */,
				089C165CFE840E0CC02AAC07 /* InfoPlist.strings */,
			);
			name = Resources;
			sourceTree = "<group>";
		};
		29B97323FDCFA39411CA2CEA /* Frameworks */ = {
			isa = PBXGroup;
			children = (
				1058C7A0FEA54F0111CA2CBB /* Linked Frameworks */,
				1058C7A2FEA54F0111CA2CBB /* Other Frameworks */,
			);
			name = Frameworks;
			sourceTree = "<group>";
		};
		D97A9E4F152F6D7A00FC9E0E /* TCP */ = {
			isa = PBXGroup;
			children = (
				D97A9E49152F6D6B00FC9E0E /* GCDAsyncSocket.h */,
				D97A9E4A152F6D6B00FC9E0E /* GCDAsyncSocket.m */,
			);
			name = TCP;
			sourceTree = "<group>";
		};
		D9863B7415341EA00043C141 /* Logging */ = {
			isa = PBXGroup;
			children = (
				D9863B5E15341DD20043C141 /* DDAbstractDatabaseLogger.h */,
				D9863B5F15341DD20043C141 /* DDAbstractDatabaseLogger.m */,
				D9863B6015341DD20043C141 /* DDASLLogger.h */,
				D9863B6115341DD20043C141 /* DDASLLogger.m */,
				D9863B6215341DD20043C141 /* DDFileLogger.h */,
				D9863B6315341DD20043C141 /* DDFileLogger.m */,
				D9863B6415341DD20043C141 /* DDLog.h */,
				D9863B6515341DD20043C141 /* DDLog.m */,
				D9863B6615341DD20043C141 /* DDTTYLogger.h */,
				D9863B6715341DD20043C141 /* DDTTYLogger.m */,
				D9863B6815341DD20043C141 /* Extensions */,
			);
			name = Logging;
			sourceTree = "<group>";
		};
/* End PBXGroup section */

/* Begin PBXNativeTarget section */
		8D1107260486CEB800E47090 /* viewer */ = {
			isa = PBXNativeTarget;
			buildConfigurationList = C01FCF4A08A954540054247B /* Build configuration list for PBXNativeTarget "viewer" */;
			buildPhases = (
				8D1107290486CEB800E47090 /* Resources */,
				8D11072C0486CEB800E47090 /* Sources */,
				8D11072E0486CEB800E47090 /* Frameworks */,
			);
			buildRules = (
			);
			dependencies = (
			);
			name = viewer;
			productInstallPath = "$(HOME)/Applications";
			productName = viewer;
			productReference = 8D1107320486CEB800E47090 /* viewer.app */;
			productType = "com.apple.product-type.application";
		};
/* End PBXNativeTarget section */

/* Begin PBXProject section */
		29B97313FDCFA39411CA2CEA /* Project object */ = {
			isa = PBXProject;
			attributes = {
				LastUpgradeCheck = 0430;
				ORGANIZATIONNAME = "Ivan Rodriguez Murillo";
			};
			buildConfigurationList = C01FCF4E08A954540054247B /* Build configuration list for PBXProject "viewer" */;
			compatibilityVersion = "Xcode 3.2";
			developmentRegion = English;
			hasScannedForEncodings = 1;
			knownRegions = (
				English,
				Japanese,
				French,
				German,
			);
			mainGroup = 29B97314FDCFA39411CA2CEA /* viewer */;
			projectDirPath = "";
			projectRoot = "";
			targets = (
				8D1107260486CEB800E47090 /* viewer */,
			);
		};
/* End PBXProject section */

/* Begin PBXResourcesBuildPhase section */
		8D1107290486CEB800E47090 /* Resources */ = {
			isa = PBXResourcesBuildPhase;
			buildActionMask = 2147483647;
			files = (
				8D11072B0486CEB800E47090 /* InfoPlist.strings in Resources */,
				72CB32F40DCA5BBF008F3AA2 /* MainMenu.xib in Resources */,
				B58D8CB911F9016300568199 /* R2D2.icns in Resources */,
				D9863B6E15341DD20043C141 /* Extensions in Resources */,
			);
			runOnlyForDeploymentPostprocessing = 0;
		};
/* End PBXResourcesBuildPhase section */

/* Begin PBXSourcesBuildPhase section */
		8D11072C0486CEB800E47090 /* Sources */ = {
			isa = PBXSourcesBuildPhase;
			buildActionMask = 2147483647;
			files = (
				8D11072D0486CEB800E47090 /* main.m in Sources */,
				849818240BCF1CE50085CECA /* AppController.m in Sources */,
				B5A2666C121D784E00EC07F8 /* SocketController.m in Sources */,
				D97A9E4D152F6D6C00FC9E0E /* GCDAsyncSocket.m in Sources */,
				D9863B6915341DD20043C141 /* DDAbstractDatabaseLogger.m in Sources */,
				D9863B6A15341DD20043C141 /* DDASLLogger.m in Sources */,
				D9863B6B15341DD20043C141 /* DDFileLogger.m in Sources */,
				D9863B6C15341DD20043C141 /* DDLog.m in Sources */,
				D9863B6D15341DD20043C141 /* DDTTYLogger.m in Sources */,
			);
			runOnlyForDeploymentPostprocessing = 0;
		};
/* End PBXSourcesBuildPhase section */

/* Begin PBXVariantGroup section */
		089C165CFE840E0CC02AAC07 /* InfoPlist.strings */ = {
			isa = PBXVariantGroup;
			children = (
				089C165DFE840E0CC02AAC07 /* English */,
			);
			name = InfoPlist.strings;
			sourceTree = "<group>";
		};
		72CB32F20DCA5BBF008F3AA2 /* MainMenu.xib */ = {
			isa = PBXVariantGroup;
			children = (
				72CB32F30DCA5BBF008F3AA2 /* English */,
			);
			name = MainMenu.xib;
			sourceTree = "<group>";
		};
/* End PBXVariantGroup section */

/* Begin XCBuildConfiguration section */
		C01FCF4B08A954540054247B /* Debug */ = {
			isa = XCBuildConfiguration;
			buildSettings = {
				CLANG_ENABLE_OBJC_ARC = YES;
				COPY_PHASE_STRIP = NO;
				GCC_DYNAMIC_NO_PIC = NO;
				GCC_MODEL_TUNING = G5;
				GCC_OPTIMIZATION_LEVEL = 0;
				GCC_PRECOMPILE_PREFIX_HEADER = YES;
				GCC_PREFIX_HEADER = viewer_Prefix.pch;
				GCC_VERSION = com.apple.compilers.llvm.clang.1_0;
				INFOPLIST_FILE = Info.plist;
				INSTALL_PATH = "$(HOME)/Applications";
				PRODUCT_NAME = viewer;
				WRAPPER_EXTENSION = app;
				ZERO_LINK = YES;
			};
			name = Debug;
		};
		C01FCF4C08A954540054247B /* Release */ = {
			isa = XCBuildConfiguration;
			buildSettings = {
				CLANG_ENABLE_OBJC_ARC = YES;
				DEBUG_INFORMATION_FORMAT = "dwarf-with-dsym";
				GCC_MODEL_TUNING = G5;
				GCC_PRECOMPILE_PREFIX_HEADER = YES;
				GCC_PREFIX_HEADER = viewer_Prefix.pch;
				GCC_VERSION = com.apple.compilers.llvm.clang.1_0;
				INFOPLIST_FILE = Info.plist;
				INSTALL_PATH = "$(HOME)/Applications";
				PRODUCT_NAME = viewer;
				WRAPPER_EXTENSION = app;
			};
			name = Release;
		};
		C01FCF4F08A954540054247B /* Debug */ = {
			isa = XCBuildConfiguration;
			buildSettings = {
				ARCHS = "$(ARCHS_STANDARD_64_BIT)";
				CLANG_ENABLE_OBJC_ARC = YES;
				CLANG_WARN_OBJCPP_ARC_ABI = YES;
				GCC_C_LANGUAGE_STANDARD = gnu99;
				GCC_ENABLE_OBJC_GC = unsupported;
				GCC_OPTIMIZATION_LEVEL = s;
				"GCC_PREPROCESSOR_DEFINITIONS[arch=*]" = "DEBUG=1";
				GCC_TREAT_IMPLICIT_FUNCTION_DECLARATIONS_AS_ERRORS = YES;
				GCC_TREAT_NONCONFORMANT_CODE_ERRORS_AS_WARNINGS = YES;
				GCC_TREAT_WARNINGS_AS_ERRORS = NO;
				GCC_WARN_64_TO_32_BIT_CONVERSION = YES;
				GCC_WARN_ABOUT_GLOBAL_CONSTRUCTORS = YES;
				GCC_WARN_ABOUT_MISSING_FIELD_INITIALIZERS = YES;
				GCC_WARN_ABOUT_MISSING_NEWLINE = YES;
				GCC_WARN_ABOUT_MISSING_PROTOTYPES = YES;
				GCC_WARN_ABOUT_RETURN_TYPE = YES;
				GCC_WARN_CHECK_SWITCH_STATEMENTS = YES;
				GCC_WARN_EFFECTIVE_CPLUSPLUS_VIOLATIONS = NO;
				GCC_WARN_FOUR_CHARACTER_CONSTANTS = YES;
				GCC_WARN_HIDDEN_VIRTUAL_FUNCTIONS = YES;
				GCC_WARN_INHIBIT_ALL_WARNINGS = NO;
				GCC_WARN_INITIALIZER_NOT_FULLY_BRACKETED = YES;
				GCC_WARN_MISSING_PARENTHESES = YES;
				GCC_WARN_MULTIPLE_DEFINITION_TYPES_FOR_SELECTOR = NO;
				GCC_WARN_NON_VIRTUAL_DESTRUCTOR = YES;
				GCC_WARN_PEDANTIC = NO;
				GCC_WARN_PROTOTYPE_CONVERSION = NO;
				GCC_WARN_SHADOW = YES;
				GCC_WARN_SIGN_COMPARE = NO;
				GCC_WARN_STRICT_SELECTOR_MATCH = NO;
				GCC_WARN_UNDECLARED_SELECTOR = NO;
				GCC_WARN_UNINITIALIZED_AUTOS = NO;
				GCC_WARN_UNKNOWN_PRAGMAS = YES;
				GCC_WARN_UNUSED_FUNCTION = YES;
				GCC_WARN_UNUSED_LABEL = YES;
				GCC_WARN_UNUSED_PARAMETER = NO;
				GCC_WARN_UNUSED_VALUE = YES;
				GCC_WARN_UNUSED_VARIABLE = YES;
				ONLY_ACTIVE_ARCH = YES;
				RUN_CLANG_STATIC_ANALYZER = YES;
				SDKROOT = macosx;
			};
			name = Debug;
		};
		C01FCF5008A954540054247B /* Release */ = {
			isa = XCBuildConfiguration;
			buildSettings = {
				ARCHS = "$(ARCHS_STANDARD_64_BIT)";
				CLANG_ENABLE_OBJC_ARC = YES;
				CLANG_WARN_OBJCPP_ARC_ABI = YES;
				GCC_C_LANGUAGE_STANDARD = gnu99;
				GCC_ENABLE_OBJC_GC = unsupported;
				"GCC_PREPROCESSOR_DEFINITIONS[arch=*]" = "RELEASE=1";
				GCC_TREAT_WARNINGS_AS_ERRORS = NO;
				GCC_WARN_ABOUT_RETURN_TYPE = YES;
				GCC_WARN_UNUSED_VARIABLE = YES;
				SDKROOT = macosx;
			};
			name = Release;
		};
/* End XCBuildConfiguration section */

/* Begin XCConfigurationList section */
		C01FCF4A08A954540054247B /* Build configuration list for PBXNativeTarget "viewer" */ = {
			isa = XCConfigurationList;
			buildConfigurations = (
				C01FCF4B08A954540054247B /* Debug */,
				C01FCF4C08A954540054247B /* Release */,
			);
			defaultConfigurationIsVisible = 0;
			defaultConfigurationName = Release;
		};
		C01FCF4E08A954540054247B /* Build configuration list for PBXProject "viewer" */ = {
			isa = XCConfigurationList;
			buildConfigurations = (
				C01FCF4F08A954540054247B /* Debug */,
				C01FCF5008A954540054247B /* Release */,
			);
			defaultConfigurationIsVisible = 0;
			defaultConfigurationName = Release;
		};
/* End XCConfigurationList section */
	};
	rootObject = 29B97313FDCFA39411CA2CEA /* Project object */;
}
